// !$*UTF8*$!
{
	archiveVersion = 1;
	classes = {
	};
	objectVersion = 56;
	objects = {

/* Begin PBXBuildFile section */
		03F2D330B22D7CF5429D7DE0 /* Pods_iMusic.framework in Frameworks */ = {isa = PBXBuildFile; fileRef = EC5E988FA7732262C5159643 /* Pods_iMusic.framework */; };
		E31BB00C2AF4EBC000C55227 /* SearchViewController.storyboard in Resources */ = {isa = PBXBuildFile; fileRef = E31BB00B2AF4EBC000C55227 /* SearchViewController.storyboard */; };
		E31BB00E2AF4EF0A00C55227 /* UIViewController + Storyboard.swift in Sources */ = {isa = PBXBuildFile; fileRef = E31BB00D2AF4EF0A00C55227 /* UIViewController + Storyboard.swift */; };
		E39A955B2AF67564007295BF /* TrackCell.xib in Resources */ = {isa = PBXBuildFile; fileRef = E39A955A2AF67564007295BF /* TrackCell.xib */; };
		E39A955D2AF67594007295BF /* TrackCell.swift in Sources */ = {isa = PBXBuildFile; fileRef = E39A955C2AF67594007295BF /* TrackCell.swift */; };
		E3B96B6C2AF4503C0012FF6F /* SearchPresenter.swift in Sources */ = {isa = PBXBuildFile; fileRef = E3B96B652AF4503C0012FF6F /* SearchPresenter.swift */; };
		E3B96B6D2AF4503C0012FF6F /* SearchWorker.swift in Sources */ = {isa = PBXBuildFile; fileRef = E3B96B662AF4503C0012FF6F /* SearchWorker.swift */; };
		E3B96B6E2AF4503C0012FF6F /* SearchRouter.swift in Sources */ = {isa = PBXBuildFile; fileRef = E3B96B672AF4503C0012FF6F /* SearchRouter.swift */; };
		E3B96B6F2AF4503C0012FF6F /* SearchModels.swift in Sources */ = {isa = PBXBuildFile; fileRef = E3B96B682AF4503C0012FF6F /* SearchModels.swift */; };
		E3B96B702AF4503C0012FF6F /* SearchViewController.swift in Sources */ = {isa = PBXBuildFile; fileRef = E3B96B692AF4503C0012FF6F /* SearchViewController.swift */; };
		E3B96B712AF4503C0012FF6F /* SearchInteractor.swift in Sources */ = {isa = PBXBuildFile; fileRef = E3B96B6A2AF4503C0012FF6F /* SearchInteractor.swift */; };
		E3C5B1EA2AF690F100B17729 /* FooterView.swift in Sources */ = {isa = PBXBuildFile; fileRef = E3C5B1E92AF690F100B17729 /* FooterView.swift */; };
		E3C5B1ED2AF698ED00B17729 /* TrackDetailView.xib in Resources */ = {isa = PBXBuildFile; fileRef = E3C5B1EC2AF698ED00B17729 /* TrackDetailView.xib */; };
		E3C5B1EF2AF6990600B17729 /* TrackDetailView.swift in Sources */ = {isa = PBXBuildFile; fileRef = E3C5B1EE2AF6990600B17729 /* TrackDetailView.swift */; };
		E3CB738E2AF10544008B9E43 /* AppDelegate.swift in Sources */ = {isa = PBXBuildFile; fileRef = E3CB738D2AF10544008B9E43 /* AppDelegate.swift */; };
		E3CB73902AF10544008B9E43 /* SceneDelegate.swift in Sources */ = {isa = PBXBuildFile; fileRef = E3CB738F2AF10544008B9E43 /* SceneDelegate.swift */; };
		E3CB73922AF10544008B9E43 /* ViewController.swift in Sources */ = {isa = PBXBuildFile; fileRef = E3CB73912AF10544008B9E43 /* ViewController.swift */; };
		E3CB73952AF10544008B9E43 /* Main.storyboard in Resources */ = {isa = PBXBuildFile; fileRef = E3CB73932AF10544008B9E43 /* Main.storyboard */; };
		E3CB73972AF10545008B9E43 /* Assets.xcassets in Resources */ = {isa = PBXBuildFile; fileRef = E3CB73962AF10545008B9E43 /* Assets.xcassets */; };
		E3CB739A2AF10545008B9E43 /* LaunchScreen.storyboard in Resources */ = {isa = PBXBuildFile; fileRef = E3CB73982AF10545008B9E43 /* LaunchScreen.storyboard */; };
		E3CB73A22AF172B2008B9E43 /* MainTabBarController.swift in Sources */ = {isa = PBXBuildFile; fileRef = E3CB73A12AF172B2008B9E43 /* MainTabBarController.swift */; };
		E3CB73A42AF17403008B9E43 /* SearchMusicViewController.swift in Sources */ = {isa = PBXBuildFile; fileRef = E3CB73A32AF17403008B9E43 /* SearchMusicViewController.swift */; };
		E3D525B42AF4293400505BCC /* SearchResponse.swift in Sources */ = {isa = PBXBuildFile; fileRef = E3D525B32AF4293400505BCC /* SearchResponse.swift */; };
		E3D525B62AF443C400505BCC /* NetworkService.swift in Sources */ = {isa = PBXBuildFile; fileRef = E3D525B52AF443C400505BCC /* NetworkService.swift */; };
		E3DBA3282AF6C3D10038F21A /* CMTimeExtension.swift in Sources */ = {isa = PBXBuildFile; fileRef = E3DBA3272AF6C3D10038F21A /* CMTimeExtension.swift */; };
/* End PBXBuildFile section */

/* Begin PBXFileReference section */
		E31BB00B2AF4EBC000C55227 /* SearchViewController.storyboard */ = {isa = PBXFileReference; lastKnownFileType = file.storyboard; path = SearchViewController.storyboard; sourceTree = "<group>"; };
		E31BB00D2AF4EF0A00C55227 /* UIViewController + Storyboard.swift */ = {isa = PBXFileReference; lastKnownFileType = sourcecode.swift; path = "UIViewController + Storyboard.swift"; sourceTree = "<group>"; };
		E39A955A2AF67564007295BF /* TrackCell.xib */ = {isa = PBXFileReference; lastKnownFileType = file.xib; path = TrackCell.xib; sourceTree = "<group>"; };
		E39A955C2AF67594007295BF /* TrackCell.swift */ = {isa = PBXFileReference; lastKnownFileType = sourcecode.swift; path = TrackCell.swift; sourceTree = "<group>"; };
		E3B96B652AF4503C0012FF6F /* SearchPresenter.swift */ = {isa = PBXFileReference; lastKnownFileType = sourcecode.swift; path = SearchPresenter.swift; sourceTree = "<group>"; };
		E3B96B662AF4503C0012FF6F /* SearchWorker.swift */ = {isa = PBXFileReference; lastKnownFileType = sourcecode.swift; path = SearchWorker.swift; sourceTree = "<group>"; };
		E3B96B672AF4503C0012FF6F /* SearchRouter.swift */ = {isa = PBXFileReference; lastKnownFileType = sourcecode.swift; path = SearchRouter.swift; sourceTree = "<group>"; };
		E3B96B682AF4503C0012FF6F /* SearchModels.swift */ = {isa = PBXFileReference; lastKnownFileType = sourcecode.swift; path = SearchModels.swift; sourceTree = "<group>"; };
		E3B96B692AF4503C0012FF6F /* SearchViewController.swift */ = {isa = PBXFileReference; lastKnownFileType = sourcecode.swift; path = SearchViewController.swift; sourceTree = "<group>"; };
		E3B96B6A2AF4503C0012FF6F /* SearchInteractor.swift */ = {isa = PBXFileReference; lastKnownFileType = sourcecode.swift; path = SearchInteractor.swift; sourceTree = "<group>"; };
		E3C5B1E92AF690F100B17729 /* FooterView.swift */ = {isa = PBXFileReference; lastKnownFileType = sourcecode.swift; path = FooterView.swift; sourceTree = "<group>"; };
		E3C5B1EC2AF698ED00B17729 /* TrackDetailView.xib */ = {isa = PBXFileReference; lastKnownFileType = file.xib; path = TrackDetailView.xib; sourceTree = "<group>"; };
		E3C5B1EE2AF6990600B17729 /* TrackDetailView.swift */ = {isa = PBXFileReference; lastKnownFileType = sourcecode.swift; path = TrackDetailView.swift; sourceTree = "<group>"; };
		E3CB738A2AF10544008B9E43 /* iMusic.app */ = {isa = PBXFileReference; explicitFileType = wrapper.application; includeInIndex = 0; path = iMusic.app; sourceTree = BUILT_PRODUCTS_DIR; };
		E3CB738D2AF10544008B9E43 /* AppDelegate.swift */ = {isa = PBXFileReference; lastKnownFileType = sourcecode.swift; path = AppDelegate.swift; sourceTree = "<group>"; };
		E3CB738F2AF10544008B9E43 /* SceneDelegate.swift */ = {isa = PBXFileReference; lastKnownFileType = sourcecode.swift; path = SceneDelegate.swift; sourceTree = "<group>"; };
		E3CB73912AF10544008B9E43 /* ViewController.swift */ = {isa = PBXFileReference; lastKnownFileType = sourcecode.swift; path = ViewController.swift; sourceTree = "<group>"; };
		E3CB73942AF10544008B9E43 /* Base */ = {isa = PBXFileReference; lastKnownFileType = file.storyboard; name = Base; path = Base.lproj/Main.storyboard; sourceTree = "<group>"; };
		E3CB73962AF10545008B9E43 /* Assets.xcassets */ = {isa = PBXFileReference; lastKnownFileType = folder.assetcatalog; path = Assets.xcassets; sourceTree = "<group>"; };
		E3CB73992AF10545008B9E43 /* Base */ = {isa = PBXFileReference; lastKnownFileType = file.storyboard; name = Base; path = Base.lproj/LaunchScreen.storyboard; sourceTree = "<group>"; };
		E3CB739B2AF10545008B9E43 /* Info.plist */ = {isa = PBXFileReference; lastKnownFileType = text.plist.xml; path = Info.plist; sourceTree = "<group>"; };
		E3CB73A12AF172B2008B9E43 /* MainTabBarController.swift */ = {isa = PBXFileReference; lastKnownFileType = sourcecode.swift; path = MainTabBarController.swift; sourceTree = "<group>"; };
		E3CB73A32AF17403008B9E43 /* SearchMusicViewController.swift */ = {isa = PBXFileReference; lastKnownFileType = sourcecode.swift; path = SearchMusicViewController.swift; sourceTree = "<group>"; };
		E3D525B32AF4293400505BCC /* SearchResponse.swift */ = {isa = PBXFileReference; lastKnownFileType = sourcecode.swift; path = SearchResponse.swift; sourceTree = "<group>"; };
		E3D525B52AF443C400505BCC /* NetworkService.swift */ = {isa = PBXFileReference; lastKnownFileType = sourcecode.swift; path = NetworkService.swift; sourceTree = "<group>"; };
		E3DBA3272AF6C3D10038F21A /* CMTimeExtension.swift */ = {isa = PBXFileReference; lastKnownFileType = sourcecode.swift; path = CMTimeExtension.swift; sourceTree = "<group>"; };
		E52FF9CD92252903689FEB69 /* Pods-iMusic.release.xcconfig */ = {isa = PBXFileReference; includeInIndex = 1; lastKnownFileType = text.xcconfig; name = "Pods-iMusic.release.xcconfig"; path = "Target Support Files/Pods-iMusic/Pods-iMusic.release.xcconfig"; sourceTree = "<group>"; };
		EC5E988FA7732262C5159643 /* Pods_iMusic.framework */ = {isa = PBXFileReference; explicitFileType = wrapper.framework; includeInIndex = 0; path = Pods_iMusic.framework; sourceTree = BUILT_PRODUCTS_DIR; };
		FE773EDC5DE4D9172DD96B3F /* Pods-iMusic.debug.xcconfig */ = {isa = PBXFileReference; includeInIndex = 1; lastKnownFileType = text.xcconfig; name = "Pods-iMusic.debug.xcconfig"; path = "Target Support Files/Pods-iMusic/Pods-iMusic.debug.xcconfig"; sourceTree = "<group>"; };
/* End PBXFileReference section */

/* Begin PBXFrameworksBuildPhase section */
		E3CB73872AF10544008B9E43 /* Frameworks */ = {
			isa = PBXFrameworksBuildPhase;
			buildActionMask = 2147483647;
			files = (
				03F2D330B22D7CF5429D7DE0 /* Pods_iMusic.framework in Frameworks */,
			);
			runOnlyForDeploymentPostprocessing = 0;
		};
/* End PBXFrameworksBuildPhase section */

/* Begin PBXGroup section */
		082A115ECD9F8803955DD21F /* Pods */ = {
			isa = PBXGroup;
			children = (
				FE773EDC5DE4D9172DD96B3F /* Pods-iMusic.debug.xcconfig */,
				E52FF9CD92252903689FEB69 /* Pods-iMusic.release.xcconfig */,
			);
			path = Pods;
			sourceTree = "<group>";
		};
		843C48C6469005EC02E76C3A /* Frameworks */ = {
			isa = PBXGroup;
			children = (
				EC5E988FA7732262C5159643 /* Pods_iMusic.framework */,
			);
			name = Frameworks;
			sourceTree = "<group>";
		};
		E31BB00F2AF4EF4900C55227 /* Helpers */ = {
			isa = PBXGroup;
			children = (
				E31BB00D2AF4EF0A00C55227 /* UIViewController + Storyboard.swift */,
				E3DBA3272AF6C3D10038F21A /* CMTimeExtension.swift */,
			);
			path = Helpers;
			sourceTree = "<group>";
		};
		E39A95592AF67544007295BF /* Cell */ = {
			isa = PBXGroup;
			children = (
				E39A955A2AF67564007295BF /* TrackCell.xib */,
				E39A955C2AF67594007295BF /* TrackCell.swift */,
			);
			path = Cell;
			sourceTree = "<group>";
		};
		E39A955E2AF67DAA007295BF /* Models */ = {
			isa = PBXGroup;
			children = (
				E3D525B32AF4293400505BCC /* SearchResponse.swift */,
			);
			path = Models;
			sourceTree = "<group>";
		};
		E3B96B552AF44EAC0012FF6F /* Search */ = {
			isa = PBXGroup;
			children = (
				E3C5B1EB2AF698B700B17729 /* TrackDetailView */,
				E3C5B1E82AF690BC00B17729 /* FooterView */,
				E39A95592AF67544007295BF /* Cell */,
				E31BB00B2AF4EBC000C55227 /* SearchViewController.storyboard */,
				E3B96B692AF4503C0012FF6F /* SearchViewController.swift */,
				E3B96B6A2AF4503C0012FF6F /* SearchInteractor.swift */,
				E3B96B652AF4503C0012FF6F /* SearchPresenter.swift */,
				E3B96B682AF4503C0012FF6F /* SearchModels.swift */,
				E3B96B662AF4503C0012FF6F /* SearchWorker.swift */,
				E3B96B672AF4503C0012FF6F /* SearchRouter.swift */,
			);
			path = Search;
			sourceTree = "<group>";
		};
		E3B96B642AF44F6E0012FF6F /* Services */ = {
			isa = PBXGroup;
			children = (
				E39A955E2AF67DAA007295BF /* Models */,
				E3D525B52AF443C400505BCC /* NetworkService.swift */,
			);
			path = Services;
			sourceTree = "<group>";
		};
		E3C5B1E82AF690BC00B17729 /* FooterView */ = {
			isa = PBXGroup;
			children = (
				E3C5B1E92AF690F100B17729 /* FooterView.swift */,
			);
			path = FooterView;
			sourceTree = "<group>";
		};
		E3C5B1EB2AF698B700B17729 /* TrackDetailView */ = {
			isa = PBXGroup;
			children = (
				E3C5B1EC2AF698ED00B17729 /* TrackDetailView.xib */,
				E3C5B1EE2AF6990600B17729 /* TrackDetailView.swift */,
			);
			path = TrackDetailView;
			sourceTree = "<group>";
		};
		E3CB73812AF10544008B9E43 = {
			isa = PBXGroup;
			children = (
				E3CB738C2AF10544008B9E43 /* iMusic */,
				E3CB738B2AF10544008B9E43 /* Products */,
				082A115ECD9F8803955DD21F /* Pods */,
				843C48C6469005EC02E76C3A /* Frameworks */,
			);
			sourceTree = "<group>";
		};
		E3CB738B2AF10544008B9E43 /* Products */ = {
			isa = PBXGroup;
			children = (
				E3CB738A2AF10544008B9E43 /* iMusic.app */,
			);
			name = Products;
			sourceTree = "<group>";
		};
		E3CB738C2AF10544008B9E43 /* iMusic */ = {
			isa = PBXGroup;
			children = (
				E3CB738D2AF10544008B9E43 /* AppDelegate.swift */,
				E3CB738F2AF10544008B9E43 /* SceneDelegate.swift */,
				E3B96B642AF44F6E0012FF6F /* Services */,
				E3CB73A12AF172B2008B9E43 /* MainTabBarController.swift */,
				E3B96B552AF44EAC0012FF6F /* Search */,
				E3CB73A32AF17403008B9E43 /* SearchMusicViewController.swift */,
				E3CB73912AF10544008B9E43 /* ViewController.swift */,
				E31BB00F2AF4EF4900C55227 /* Helpers */,
				E3CB73932AF10544008B9E43 /* Main.storyboard */,
				E3CB73962AF10545008B9E43 /* Assets.xcassets */,
				E3CB73982AF10545008B9E43 /* LaunchScreen.storyboard */,
				E3CB739B2AF10545008B9E43 /* Info.plist */,
			);
			path = iMusic;
			sourceTree = "<group>";
		};
/* End PBXGroup section */

/* Begin PBXNativeTarget section */
		E3CB73892AF10544008B9E43 /* iMusic */ = {
			isa = PBXNativeTarget;
			buildConfigurationList = E3CB739E2AF10545008B9E43 /* Build configuration list for PBXNativeTarget "iMusic" */;
			buildPhases = (
				D4003081C38F7CADCDBE3540 /* [CP] Check Pods Manifest.lock */,
				E3CB73862AF10544008B9E43 /* Sources */,
				E3CB73872AF10544008B9E43 /* Frameworks */,
				E3CB73882AF10544008B9E43 /* Resources */,
				4BE0DEEB01DD7097B0E976A2 /* [CP] Embed Pods Frameworks */,
			);
			buildRules = (
			);
			dependencies = (
			);
			name = iMusic;
			productName = iMusic;
			productReference = E3CB738A2AF10544008B9E43 /* iMusic.app */;
			productType = "com.apple.product-type.application";
		};
/* End PBXNativeTarget section */

/* Begin PBXProject section */
		E3CB73822AF10544008B9E43 /* Project object */ = {
			isa = PBXProject;
			attributes = {
				BuildIndependentTargetsInParallel = 1;
				LastSwiftUpdateCheck = 1500;
				LastUpgradeCheck = 1500;
				TargetAttributes = {
					E3CB73892AF10544008B9E43 = {
						CreatedOnToolsVersion = 15.0;
					};
				};
			};
			buildConfigurationList = E3CB73852AF10544008B9E43 /* Build configuration list for PBXProject "iMusic" */;
			compatibilityVersion = "Xcode 14.0";
			developmentRegion = en;
			hasScannedForEncodings = 0;
			knownRegions = (
				en,
				Base,
			);
			mainGroup = E3CB73812AF10544008B9E43;
			productRefGroup = E3CB738B2AF10544008B9E43 /* Products */;
			projectDirPath = "";
			projectRoot = "";
			targets = (
				E3CB73892AF10544008B9E43 /* iMusic */,
			);
		};
/* End PBXProject section */

/* Begin PBXResourcesBuildPhase section */
		E3CB73882AF10544008B9E43 /* Resources */ = {
			isa = PBXResourcesBuildPhase;
			buildActionMask = 2147483647;
			files = (
				E3CB739A2AF10545008B9E43 /* LaunchScreen.storyboard in Resources */,
				E39A955B2AF67564007295BF /* TrackCell.xib in Resources */,
				E3CB73972AF10545008B9E43 /* Assets.xcassets in Resources */,
				E31BB00C2AF4EBC000C55227 /* SearchViewController.storyboard in Resources */,
				E3C5B1ED2AF698ED00B17729 /* TrackDetailView.xib in Resources */,
				E3CB73952AF10544008B9E43 /* Main.storyboard in Resources */,
			);
			runOnlyForDeploymentPostprocessing = 0;
		};
/* End PBXResourcesBuildPhase section */

/* Begin PBXShellScriptBuildPhase section */
		4BE0DEEB01DD7097B0E976A2 /* [CP] Embed Pods Frameworks */ = {
			isa = PBXShellScriptBuildPhase;
			buildActionMask = 2147483647;
			files = (
			);
			inputFileListPaths = (
				"${PODS_ROOT}/Target Support Files/Pods-iMusic/Pods-iMusic-frameworks-${CONFIGURATION}-input-files.xcfilelist",
			);
			name = "[CP] Embed Pods Frameworks";
			outputFileListPaths = (
				"${PODS_ROOT}/Target Support Files/Pods-iMusic/Pods-iMusic-frameworks-${CONFIGURATION}-output-files.xcfilelist",
			);
			runOnlyForDeploymentPostprocessing = 0;
			shellPath = /bin/sh;
			shellScript = "\"${PODS_ROOT}/Target Support Files/Pods-iMusic/Pods-iMusic-frameworks.sh\"\n";
			showEnvVarsInLog = 0;
		};
		D4003081C38F7CADCDBE3540 /* [CP] Check Pods Manifest.lock */ = {
			isa = PBXShellScriptBuildPhase;
			buildActionMask = 2147483647;
			files = (
			);
			inputFileListPaths = (
			);
			inputPaths = (
				"${PODS_PODFILE_DIR_PATH}/Podfile.lock",
				"${PODS_ROOT}/Manifest.lock",
			);
			name = "[CP] Check Pods Manifest.lock";
			outputFileListPaths = (
			);
			outputPaths = (
				"$(DERIVED_FILE_DIR)/Pods-iMusic-checkManifestLockResult.txt",
			);
			runOnlyForDeploymentPostprocessing = 0;
			shellPath = /bin/sh;
			shellScript = "diff \"${PODS_PODFILE_DIR_PATH}/Podfile.lock\" \"${PODS_ROOT}/Manifest.lock\" > /dev/null\nif [ $? != 0 ] ; then\n    # print error to STDERR\n    echo \"error: The sandbox is not in sync with the Podfile.lock. Run 'pod install' or update your CocoaPods installation.\" >&2\n    exit 1\nfi\n# This output is used by Xcode 'outputs' to avoid re-running this script phase.\necho \"SUCCESS\" > \"${SCRIPT_OUTPUT_FILE_0}\"\n";
			showEnvVarsInLog = 0;
		};
/* End PBXShellScriptBuildPhase section */

/* Begin PBXSourcesBuildPhase section */
		E3CB73862AF10544008B9E43 /* Sources */ = {
			isa = PBXSourcesBuildPhase;
			buildActionMask = 2147483647;
			files = (
				E31BB00E2AF4EF0A00C55227 /* UIViewController + Storyboard.swift in Sources */,
				E3CB73A42AF17403008B9E43 /* SearchMusicViewController.swift in Sources */,
				E3CB73922AF10544008B9E43 /* ViewController.swift in Sources */,
				E3D525B42AF4293400505BCC /* SearchResponse.swift in Sources */,
				E3B96B712AF4503C0012FF6F /* SearchInteractor.swift in Sources */,
				E3C5B1EA2AF690F100B17729 /* FooterView.swift in Sources */,
				E3DBA3282AF6C3D10038F21A /* CMTimeExtension.swift in Sources */,
				E39A955D2AF67594007295BF /* TrackCell.swift in Sources */,
				E3CB738E2AF10544008B9E43 /* AppDelegate.swift in Sources */,
				E3CB73A22AF172B2008B9E43 /* MainTabBarController.swift in Sources */,
				E3B96B6D2AF4503C0012FF6F /* SearchWorker.swift in Sources */,
				E3B96B702AF4503C0012FF6F /* SearchViewController.swift in Sources */,
				E3B96B6E2AF4503C0012FF6F /* SearchRouter.swift in Sources */,
				E3B96B6F2AF4503C0012FF6F /* SearchModels.swift in Sources */,
				E3CB73902AF10544008B9E43 /* SceneDelegate.swift in Sources */,
				E3B96B6C2AF4503C0012FF6F /* SearchPresenter.swift in Sources */,
				E3C5B1EF2AF6990600B17729 /* TrackDetailView.swift in Sources */,
				E3D525B62AF443C400505BCC /* NetworkService.swift in Sources */,
			);
			runOnlyForDeploymentPostprocessing = 0;
		};
/* End PBXSourcesBuildPhase section */

/* Begin PBXVariantGroup section */
		E3CB73932AF10544008B9E43 /* Main.storyboard */ = {
			isa = PBXVariantGroup;
			children = (
				E3CB73942AF10544008B9E43 /* Base */,
			);
			name = Main.storyboard;
			sourceTree = "<group>";
		};
		E3CB73982AF10545008B9E43 /* LaunchScreen.storyboard */ = {
			isa = PBXVariantGroup;
			children = (
				E3CB73992AF10545008B9E43 /* Base */,
			);
			name = LaunchScreen.storyboard;
			sourceTree = "<group>";
		};
/* End PBXVariantGroup section */

/* Begin XCBuildConfiguration section */
		E3CB739C2AF10545008B9E43 /* Debug */ = {
			isa = XCBuildConfiguration;
			buildSettings = {
				ALWAYS_SEARCH_USER_PATHS = NO;
				ASSETCATALOG_COMPILER_GENERATE_SWIFT_ASSET_SYMBOL_EXTENSIONS = YES;
				CLANG_ANALYZER_NONNULL = YES;
				CLANG_ANALYZER_NUMBER_OBJECT_CONVERSION = YES_AGGRESSIVE;
				CLANG_CXX_LANGUAGE_STANDARD = "gnu++20";
				CLANG_ENABLE_MODULES = YES;
				CLANG_ENABLE_OBJC_ARC = YES;
				CLANG_ENABLE_OBJC_WEAK = YES;
				CLANG_WARN_BLOCK_CAPTURE_AUTORELEASING = YES;
				CLANG_WARN_BOOL_CONVERSION = YES;
				CLANG_WARN_COMMA = YES;
				CLANG_WARN_CONSTANT_CONVERSION = YES;
				CLANG_WARN_DEPRECATED_OBJC_IMPLEMENTATIONS = YES;
				CLANG_WARN_DIRECT_OBJC_ISA_USAGE = YES_ERROR;
				CLANG_WARN_DOCUMENTATION_COMMENTS = YES;
				CLANG_WARN_EMPTY_BODY = YES;
				CLANG_WARN_ENUM_CONVERSION = YES;
				CLANG_WARN_INFINITE_RECURSION = YES;
				CLANG_WARN_INT_CONVERSION = YES;
				CLANG_WARN_NON_LITERAL_NULL_CONVERSION = YES;
				CLANG_WARN_OBJC_IMPLICIT_RETAIN_SELF = YES;
				CLANG_WARN_OBJC_LITERAL_CONVERSION = YES;
				CLANG_WARN_OBJC_ROOT_CLASS = YES_ERROR;
				CLANG_WARN_QUOTED_INCLUDE_IN_FRAMEWORK_HEADER = YES;
				CLANG_WARN_RANGE_LOOP_ANALYSIS = YES;
				CLANG_WARN_STRICT_PROTOTYPES = YES;
				CLANG_WARN_SUSPICIOUS_MOVE = YES;
				CLANG_WARN_UNGUARDED_AVAILABILITY = YES_AGGRESSIVE;
				CLANG_WARN_UNREACHABLE_CODE = YES;
				CLANG_WARN__DUPLICATE_METHOD_MATCH = YES;
				COPY_PHASE_STRIP = NO;
				DEBUG_INFORMATION_FORMAT = dwarf;
				ENABLE_STRICT_OBJC_MSGSEND = YES;
				ENABLE_TESTABILITY = YES;
				ENABLE_USER_SCRIPT_SANDBOXING = NO;
				GCC_C_LANGUAGE_STANDARD = gnu17;
				GCC_DYNAMIC_NO_PIC = NO;
				GCC_NO_COMMON_BLOCKS = YES;
				GCC_OPTIMIZATION_LEVEL = 0;
				GCC_PREPROCESSOR_DEFINITIONS = (
					"DEBUG=1",
					"$(inherited)",
				);
				GCC_WARN_64_TO_32_BIT_CONVERSION = YES;
				GCC_WARN_ABOUT_RETURN_TYPE = YES_ERROR;
				GCC_WARN_UNDECLARED_SELECTOR = YES;
				GCC_WARN_UNINITIALIZED_AUTOS = YES_AGGRESSIVE;
				GCC_WARN_UNUSED_FUNCTION = YES;
				GCC_WARN_UNUSED_VARIABLE = YES;
				IPHONEOS_DEPLOYMENT_TARGET = 17.0;
				LOCALIZATION_PREFERS_STRING_CATALOGS = YES;
				MTL_ENABLE_DEBUG_INFO = INCLUDE_SOURCE;
				MTL_FAST_MATH = YES;
				ONLY_ACTIVE_ARCH = YES;
				SDKROOT = iphoneos;
				SWIFT_ACTIVE_COMPILATION_CONDITIONS = "DEBUG $(inherited)";
				SWIFT_OPTIMIZATION_LEVEL = "-Onone";
			};
			name = Debug;
		};
		E3CB739D2AF10545008B9E43 /* Release */ = {
			isa = XCBuildConfiguration;
			buildSettings = {
				ALWAYS_SEARCH_USER_PATHS = NO;
				ASSETCATALOG_COMPILER_GENERATE_SWIFT_ASSET_SYMBOL_EXTENSIONS = YES;
				CLANG_ANALYZER_NONNULL = YES;
				CLANG_ANALYZER_NUMBER_OBJECT_CONVERSION = YES_AGGRESSIVE;
				CLANG_CXX_LANGUAGE_STANDARD = "gnu++20";
				CLANG_ENABLE_MODULES = YES;
				CLANG_ENABLE_OBJC_ARC = YES;
				CLANG_ENABLE_OBJC_WEAK = YES;
				CLANG_WARN_BLOCK_CAPTURE_AUTORELEASING = YES;
				CLANG_WARN_BOOL_CONVERSION = YES;
				CLANG_WARN_COMMA = YES;
				CLANG_WARN_CONSTANT_CONVERSION = YES;
				CLANG_WARN_DEPRECATED_OBJC_IMPLEMENTATIONS = YES;
				CLANG_WARN_DIRECT_OBJC_ISA_USAGE = YES_ERROR;
				CLANG_WARN_DOCUMENTATION_COMMENTS = YES;
				CLANG_WARN_EMPTY_BODY = YES;
				CLANG_WARN_ENUM_CONVERSION = YES;
				CLANG_WARN_INFINITE_RECURSION = YES;
				CLANG_WARN_INT_CONVERSION = YES;
				CLANG_WARN_NON_LITERAL_NULL_CONVERSION = YES;
				CLANG_WARN_OBJC_IMPLICIT_RETAIN_SELF = YES;
				CLANG_WARN_OBJC_LITERAL_CONVERSION = YES;
				CLANG_WARN_OBJC_ROOT_CLASS = YES_ERROR;
				CLANG_WARN_QUOTED_INCLUDE_IN_FRAMEWORK_HEADER = YES;
				CLANG_WARN_RANGE_LOOP_ANALYSIS = YES;
				CLANG_WARN_STRICT_PROTOTYPES = YES;
				CLANG_WARN_SUSPICIOUS_MOVE = YES;
				CLANG_WARN_UNGUARDED_AVAILABILITY = YES_AGGRESSIVE;
				CLANG_WARN_UNREACHABLE_CODE = YES;
				CLANG_WARN__DUPLICATE_METHOD_MATCH = YES;
				COPY_PHASE_STRIP = NO;
				DEBUG_INFORMATION_FORMAT = "dwarf-with-dsym";
				ENABLE_NS_ASSERTIONS = NO;
				ENABLE_STRICT_OBJC_MSGSEND = YES;
				ENABLE_USER_SCRIPT_SANDBOXING = NO;
				GCC_C_LANGUAGE_STANDARD = gnu17;
				GCC_NO_COMMON_BLOCKS = YES;
				GCC_WARN_64_TO_32_BIT_CONVERSION = YES;
				GCC_WARN_ABOUT_RETURN_TYPE = YES_ERROR;
				GCC_WARN_UNDECLARED_SELECTOR = YES;
				GCC_WARN_UNINITIALIZED_AUTOS = YES_AGGRESSIVE;
				GCC_WARN_UNUSED_FUNCTION = YES;
				GCC_WARN_UNUSED_VARIABLE = YES;
				IPHONEOS_DEPLOYMENT_TARGET = 17.0;
				LOCALIZATION_PREFERS_STRING_CATALOGS = YES;
				MTL_ENABLE_DEBUG_INFO = NO;
				MTL_FAST_MATH = YES;
				SDKROOT = iphoneos;
				SWIFT_COMPILATION_MODE = wholemodule;
				VALIDATE_PRODUCT = YES;
			};
			name = Release;
		};
		E3CB739F2AF10545008B9E43 /* Debug */ = {
			isa = XCBuildConfiguration;
			baseConfigurationReference = FE773EDC5DE4D9172DD96B3F /* Pods-iMusic.debug.xcconfig */;
			buildSettings = {
				ASSETCATALOG_COMPILER_APPICON_NAME = AppIcon;
				ASSETCATALOG_COMPILER_GLOBAL_ACCENT_COLOR_NAME = AccentColor;
				CODE_SIGN_STYLE = Automatic;
				CURRENT_PROJECT_VERSION = 1;
				DEVELOPMENT_TEAM = 2TY52LF72L;
				GENERATE_INFOPLIST_FILE = YES;
				INFOPLIST_FILE = iMusic/Info.plist;
				INFOPLIST_KEY_UIApplicationSupportsIndirectInputEvents = YES;
				INFOPLIST_KEY_UILaunchStoryboardName = LaunchScreen;
				INFOPLIST_KEY_UISupportedInterfaceOrientations = UIInterfaceOrientationPortrait;
				INFOPLIST_KEY_UISupportedInterfaceOrientations_iPad = "UIInterfaceOrientationLandscapeLeft UIInterfaceOrientationLandscapeRight UIInterfaceOrientationPortrait UIInterfaceOrientationPortraitUpsideDown";
				IPHONEOS_DEPLOYMENT_TARGET = 14.2;
				LD_RUNPATH_SEARCH_PATHS = (
					"$(inherited)",
					"@executable_path/Frameworks",
				);
				MARKETING_VERSION = 1.0;
				PRODUCT_BUNDLE_IDENTIFIER = "Dmitry-Komarov.iMusic";
				PRODUCT_NAME = "$(TARGET_NAME)";
				SUPPORTED_PLATFORMS = "iphoneos iphonesimulator";
				SUPPORTS_MACCATALYST = NO;
				SUPPORTS_MAC_DESIGNED_FOR_IPHONE_IPAD = NO;
				SWIFT_EMIT_LOC_STRINGS = YES;
				SWIFT_VERSION = 5.0;
				TARGETED_DEVICE_FAMILY = 1;
			};
			name = Debug;
		};
		E3CB73A02AF10545008B9E43 /* Release */ = {
			isa = XCBuildConfiguration;
			baseConfigurationReference = E52FF9CD92252903689FEB69 /* Pods-iMusic.release.xcconfig */;
			buildSettings = {
				ASSETCATALOG_COMPILER_APPICON_NAME = AppIcon;
				ASSETCATALOG_COMPILER_GLOBAL_ACCENT_COLOR_NAME = AccentColor;
				CODE_SIGN_STYLE = Automatic;
				CURRENT_PROJECT_VERSION = 1;
				DEVELOPMENT_TEAM = 2TY52LF72L;
				GENERATE_INFOPLIST_FILE = YES;
				INFOPLIST_FILE = iMusic/Info.plist;
				INFOPLIST_KEY_UIApplicationSupportsIndirectInputEvents = YES;
				INFOPLIST_KEY_UILaunchStoryboardName = LaunchScreen;
				INFOPLIST_KEY_UISupportedInterfaceOrientations = UIInterfaceOrientationPortrait;
				INFOPLIST_KEY_UISupportedInterfaceOrientations_iPad = "UIInterfaceOrientationLandscapeLeft UIInterfaceOrientationLandscapeRight UIInterfaceOrientationPortrait UIInterfaceOrientationPortraitUpsideDown";
				IPHONEOS_DEPLOYMENT_TARGET = 14.2;
				LD_RUNPATH_SEARCH_PATHS = (
					"$(inherited)",
					"@executable_path/Frameworks",
				);
				MARKETING_VERSION = 1.0;
				PRODUCT_BUNDLE_IDENTIFIER = "Dmitry-Komarov.iMusic";
				PRODUCT_NAME = "$(TARGET_NAME)";
				SUPPORTED_PLATFORMS = "iphoneos iphonesimulator";
				SUPPORTS_MACCATALYST = NO;
				SUPPORTS_MAC_DESIGNED_FOR_IPHONE_IPAD = NO;
				SWIFT_EMIT_LOC_STRINGS = YES;
				SWIFT_VERSION = 5.0;
				TARGETED_DEVICE_FAMILY = 1;
			};
			name = Release;
		};
/* End XCBuildConfiguration section */

/* Begin XCConfigurationList section */
		E3CB73852AF10544008B9E43 /* Build configuration list for PBXProject "iMusic" */ = {
			isa = XCConfigurationList;
			buildConfigurations = (
				E3CB739C2AF10545008B9E43 /* Debug */,
				E3CB739D2AF10545008B9E43 /* Release */,
			);
			defaultConfigurationIsVisible = 0;
			defaultConfigurationName = Release;
		};
		E3CB739E2AF10545008B9E43 /* Build configuration list for PBXNativeTarget "iMusic" */ = {
			isa = XCConfigurationList;
			buildConfigurations = (
				E3CB739F2AF10545008B9E43 /* Debug */,
				E3CB73A02AF10545008B9E43 /* Release */,
			);
			defaultConfigurationIsVisible = 0;
			defaultConfigurationName = Release;
		};
/* End XCConfigurationList section */
	};
	rootObject = E3CB73822AF10544008B9E43 /* Project object */;
}
